{
  "pins" : [
    {
      "identity" : "alamofire",
      "kind" : "remoteSourceControl",
      "location" : "https://github.com/Alamofire/Alamofire",
      "state" : {
        "revision" : "78424be314842833c04bc3bef5b72e85fff99204",
        "version" : "5.6.4"
      }
    },
    {
      "identity" : "r.swift.library",
      "kind" : "remoteSourceControl",
      "location" : "https://github.com/mac-cain13/R.swift.Library",
      "state" : {
        "revision" : "8998cfe77f4fce79ee6dfab0c88a7d551659d8fb",
        "version" : "5.4.0"
      }
    },
    {
      "identity" : "realm-cocoa",
      "kind" : "remoteSourceControl",
      "location" : "https://github.com/realm/realm-cocoa",
      "state" : {
        "revision" : "2dce752b48c3265c63ab04a8c66ddfdf9185f847",
        "version" : "5.5.2"
      }
    },
    {
      "identity" : "realm-core",
      "kind" : "remoteSourceControl",
      "location" : "https://github.com/realm/realm-core",
      "state" : {
        "revision" : "66d79b3c5213fb14d491c1b22193077b488d49a6",
        "version" : "6.2.4"
      }
    },
    {
      "identity" : "snapkit",
      "kind" : "remoteSourceControl",
      "location" : "https://github.com/SnapKit/SnapKit",
      "state" : {
        "revision" : "d458564516e5676af9c70b4f4b2a9178294f1bc6",
        "version" : "5.0.1"
      }
    },
    {
      "identity" : "swinject",
      "kind" : "remoteSourceControl",
      "location" : "https://github.com/Swinject/Swinject.git",
      "state" : {
        "revision" : "8bc503e60965298984fb58cf47b71c541449fe2a",
        "version" : "2.8.3"
      }
    },
    {
      "identity" : "swinjectautoregistration",
      "kind" : "remoteSourceControl",
      "location" : "https://github.com/Swinject/SwinjectAutoregistration",
      "state" : {
        "branch" : "master",
        "revision" : "41de6785fb640cafbb38b8b9e9047c80eebfaaa7"
      }
    }
  ],
  "version" : 2
}
